{
  "name": "china-geojson",
  "version": "1.0.0",
  "lockfileVersion": 1,
  "requires": true,
  "dependencies": {
    "@shanyue/promise-utils": {
      "version": "2.0.4",
      "resolved": "https://registry.npm.taobao.org/@shanyue/promise-utils/download/@shanyue/promise-utils-2.0.4.tgz",
      "integrity": "sha1-UAon/c8gcTAKxXHP8bOX2TT/pF4="
    },
    "axios": {
      "version": "0.21.0",
      "resolved": "https://registry.npm.taobao.org/axios/download/axios-0.21.0.tgz?cache=0&sync_timestamp=1603468716105&other_urls=https%3A%2F%2Fregistry.npm.taobao.org%2Faxios%2Fdownload%2Faxios-0.21.0.tgz",
      "integrity": "sha1-Jt8IiAOiNQ3/LCf5b++Z/klEKso=",
      "dev": true,
      "requires": {
        "follow-redirects": "^1.10.0"
      }
    },
    "china-region": {
      "version": "1.1.1",
      "resolved": "https://registry.npm.taobao.org/china-region/download/china-region-1.1.1.tgz?cache=0&sync_timestamp=1604112200968&other_urls=https%3A%2F%2Fregistry.npm.taobao.org%2Fchina-region%2Fdownload%2Fchina-region-1.1.1.tgz",
      "integrity": "sha1-DDlzUWRMBxSTlk80c0WjVsGoJWI=",
      "dev": true
    },
    "follow-redirects": {
      "version": "1.13.0",
      "resolved": "https://registry.npm.taobao.org/follow-redirects/download/follow-redirects-1.13.0.tgz?cache=0&sync_timestamp=1597057997789&other_urls=https%3A%2F%2Fregistry.npm.taobao.org%2Ffollow-redirects%2Fdownload%2Ffollow-redirects-1.13.0.tgz",
      "integrity": "sha1-tC6Nk6Kn7qXtiGM2dtZZe8jjhNs=",
      "dev": true
    }
  }
}
